
Microsoft Visual Studio Solution File, Format Version 12.00
# Visual Studio Version 17
VisualStudioVersion = 17.7.34018.315
MinimumVisualStudioVersion = 10.0.40219.1
Project("{FAE04EC0-301F-11D3-BF4B-00C04F79EFBC}") = "FoundryRulesAndUnits", "FoundryRulesAndUnits.csproj", "{75474823-EBC5-480D-B2AA-222A608B7F5F}"
EndProject
Global
	GlobalSection(SolutionConfigurationPlatforms) = preSolution
		Debug|Any CPU = Debug|Any CPU
		Release|Any CPU = Release|Any CPU
	EndGlobalSection
	GlobalSection(ProjectConfigurationPlatforms) = postSolution
		{75474823-EBC5-480D-B2AA-222A608B7F5F}.Debug|Any CPU.ActiveCfg = Debug|Any CPU
		{75474823-EBC5-480D-B2AA-222A608B7F5F}.Debug|Any CPU.Build.0 = Debug|Any CPU
		{75474823-EBC5-480D-B2AA-222A608B7F5F}.Release|Any CPU.ActiveCfg = Release|Any CPU
		{75474823-EBC5-480D-B2AA-222A608B7F5F}.Release|Any CPU.Build.0 = Release|Any CPU
	EndGlobalSection
	GlobalSection(SolutionProperties) = preSolution
		HideSolutionNode = FALSE
	EndGlobalSection
	GlobalSection(ExtensibilityGlobals) = postSolution
		SolutionGuid = {BAB92968-BC3F-4327-A863-B611D38DE0B6}
	EndGlobalSection
EndGlobal
